
Microsoft Visual Studio Solution File, Format Version 12.00
# Visual Studio Version 16
VisualStudioVersion = 16.0.29613.14
MinimumVisualStudioVersion = 10.0.40219.1
Project("{FAE04EC0-301F-11D3-BF4B-00C04F79EFBC}") = "WPFUI", "WPFUI\WPFUI.csproj", "{01B85383-9830-4688-ACA0-1790886F4017}"
EndProject
Global
	GlobalSection(SolutionConfigurationPlatforms) = preSolution
		Debug|Any CPU = Debug|Any CPU
		Release|Any CPU = Release|Any CPU
	EndGlobalSection
	GlobalSection(ProjectConfigurationPlatforms) = postSolution
		{01B85383-9830-4688-ACA0-1790886F4017}.Debug|Any CPU.ActiveCfg = Debug|Any CPU
		{01B85383-9830-4688-ACA0-1790886F4017}.Debug|Any CPU.Build.0 = Debug|Any CPU
		{01B85383-9830-4688-ACA0-1790886F4017}.Release|Any CPU.ActiveCfg = Release|Any CPU
		{01B85383-9830-4688-ACA0-1790886F4017}.Release|Any CPU.Build.0 = Release|Any CPU
	EndGlobalSection
	GlobalSection(SolutionProperties) = preSolution
		HideSolutionNode = FALSE
	EndGlobalSection
	GlobalSection(ExtensibilityGlobals) = postSolution
		SolutionGuid = {926AD41D-D0FF-4514-9FE8-EEE88FB49B16}
	EndGlobalSection
EndGlobal
